
Microsoft Visual Studio Solution File, Format Version 12.00
Project("{FAE04EC0-301F-11D3-BF4B-00C04F79EFBC}") = "SignalHub", "SignalHub\SignalHub.csproj", "{2CE3D433-961F-465A-AEC7-2976B8320698}"
EndProject
Global
	GlobalSection(SolutionConfigurationPlatforms) = preSolution
		Debug|Any CPU = Debug|Any CPU
		Release|Any CPU = Release|Any CPU
	EndGlobalSection
	GlobalSection(ProjectConfigurationPlatforms) = postSolution
		{2CE3D433-961F-465A-AEC7-2976B8320698}.Debug|Any CPU.ActiveCfg = Debug|Any CPU
		{2CE3D433-961F-465A-AEC7-2976B8320698}.Debug|Any CPU.Build.0 = Debug|Any CPU
		{2CE3D433-961F-465A-AEC7-2976B8320698}.Release|Any CPU.ActiveCfg = Release|Any CPU
		{2CE3D433-961F-465A-AEC7-2976B8320698}.Release|Any CPU.Build.0 = Release|Any CPU
	EndGlobalSection
EndGlobal
